# This file is autogenerated, do not edit; changes may be undone by the next 'dep ensure'.


[[projects]]
  branch = "master"
  name = "golang.org/x/net"
  packages = ["netutil"]
  revision = "dfa909b99c79129e1100513e5cd36307665e5723"

[solve-meta]
  analyzer-name = "dep"
  analyzer-version = 1
  inputs-digest = "63fd12927df2238a08741230df27c70f7808ccd332412d9373bdccdbf8ce5118"
  solver-name = "gps-cdcl"
  solver-version = 1
